
Microsoft Visual Studio Solution File, Format Version 12.00
# Visual Studio 15
VisualStudioVersion = 15.0.28010.2046
MinimumVisualStudioVersion = 10.0.40219.1
Project("{FAE04EC0-301F-11D3-BF4B-00C04F79EFBC}") = "Lizay.ticket", "Lizay.ticket\Lizay.ticket.csproj", "{5558FB8D-8F49-43F5-8195-E2662C16F981}"
EndProject
Project("{FAE04EC0-301F-11D3-BF4B-00C04F79EFBC}") = "Lizay.crm", "Lizay.crm\Lizay.crm.csproj", "{D001390C-B8F7-4E5F-9000-579FB68FEAFB}"
EndProject
Project("{FAE04EC0-301F-11D3-BF4B-00C04F79EFBC}") = "Lizay", "Lizay\Lizay.csproj", "{C384C2E7-8EAD-4D36-8D92-647DEEF2800F}"
EndProject
Project("{FAE04EC0-301F-11D3-BF4B-00C04F79EFBC}") = "Lizay.dll", "Lizay.dll\Lizay.dll.csproj", "{2C77837E-CD54-4FDD-B1E9-82BCAFD5C75E}"
EndProject
Project("{FAE04EC0-301F-11D3-BF4B-00C04F79EFBC}") = "MobileBarkodOkuma", "MobileBarkodOkuma\MobileBarkodOkuma.csproj", "{CBED0139-5C47-4562-9065-C70C9A25623D}"
EndProject
Global
	GlobalSection(SolutionConfigurationPlatforms) = preSolution
		Debug|Any CPU = Debug|Any CPU
		Release|Any CPU = Release|Any CPU
	EndGlobalSection
	GlobalSection(ProjectConfigurationPlatforms) = postSolution
		{5558FB8D-8F49-43F5-8195-E2662C16F981}.Debug|Any CPU.ActiveCfg = Debug|Any CPU
		{5558FB8D-8F49-43F5-8195-E2662C16F981}.Debug|Any CPU.Build.0 = Debug|Any CPU
		{5558FB8D-8F49-43F5-8195-E2662C16F981}.Release|Any CPU.ActiveCfg = Release|Any CPU
		{5558FB8D-8F49-43F5-8195-E2662C16F981}.Release|Any CPU.Build.0 = Release|Any CPU
		{D001390C-B8F7-4E5F-9000-579FB68FEAFB}.Debug|Any CPU.ActiveCfg = Debug|Any CPU
		{D001390C-B8F7-4E5F-9000-579FB68FEAFB}.Debug|Any CPU.Build.0 = Debug|Any CPU
		{D001390C-B8F7-4E5F-9000-579FB68FEAFB}.Release|Any CPU.ActiveCfg = Release|Any CPU
		{D001390C-B8F7-4E5F-9000-579FB68FEAFB}.Release|Any CPU.Build.0 = Release|Any CPU
		{C384C2E7-8EAD-4D36-8D92-647DEEF2800F}.Debug|Any CPU.ActiveCfg = Debug|Any CPU
		{C384C2E7-8EAD-4D36-8D92-647DEEF2800F}.Debug|Any CPU.Build.0 = Debug|Any CPU
		{C384C2E7-8EAD-4D36-8D92-647DEEF2800F}.Release|Any CPU.ActiveCfg = Release|Any CPU
		{C384C2E7-8EAD-4D36-8D92-647DEEF2800F}.Release|Any CPU.Build.0 = Release|Any CPU
		{2C77837E-CD54-4FDD-B1E9-82BCAFD5C75E}.Debug|Any CPU.ActiveCfg = Debug|Any CPU
		{2C77837E-CD54-4FDD-B1E9-82BCAFD5C75E}.Debug|Any CPU.Build.0 = Debug|Any CPU
		{2C77837E-CD54-4FDD-B1E9-82BCAFD5C75E}.Release|Any CPU.ActiveCfg = Release|Any CPU
		{2C77837E-CD54-4FDD-B1E9-82BCAFD5C75E}.Release|Any CPU.Build.0 = Release|Any CPU
		{CBED0139-5C47-4562-9065-C70C9A25623D}.Debug|Any CPU.ActiveCfg = Debug|Any CPU
		{CBED0139-5C47-4562-9065-C70C9A25623D}.Debug|Any CPU.Build.0 = Debug|Any CPU
		{CBED0139-5C47-4562-9065-C70C9A25623D}.Release|Any CPU.ActiveCfg = Release|Any CPU
		{CBED0139-5C47-4562-9065-C70C9A25623D}.Release|Any CPU.Build.0 = Release|Any CPU
	EndGlobalSection
	GlobalSection(SolutionProperties) = preSolution
		HideSolutionNode = FALSE
	EndGlobalSection
	GlobalSection(ExtensibilityGlobals) = postSolution
		SolutionGuid = {9B45573B-8913-4ACD-9C2E-B7E53948FF47}
	EndGlobalSection
EndGlobal
